{
  "originHash" : "add49cfaa3a1ee71edc1ca79ca5ba068aab6cc32879a34947cc9cface7e2c876",
  "pins" : [
    {
      "identity" : "swift-argument-parser",
      "kind" : "remoteSourceControl",
      "location" : "https://github.com/apple/swift-argument-parser.git",
      "state" : {
        "revision" : "309a47b2b1d9b5e991f36961c983ecec72275be3",
        "version" : "1.6.1"
      }
    },
    {
      "identity" : "swift-sentencepiece",
      "kind" : "remoteSourceControl",
      "location" : "https://github.com/jkrukowski/swift-sentencepiece",
      "state" : {
        "revision" : "36a8b2b45733f6adb3092100f16e4c7d38a10a7c",
        "version" : "0.0.6"
      }
    }
  ],
  "version" : 3
}
